
Microsoft Visual Studio Solution File, Format Version 12.00
# Visual Studio 15
Project("{FAE04EC0-301F-11D3-BF4B-00C04F79EFBC}") = "UnityEngine.UI", "UnityEngine.UI.csproj", "{0E185C68-B619-DC56-296F-E7F8EBEFEFDD}"
EndProject
Project("{FAE04EC0-301F-11D3-BF4B-00C04F79EFBC}") = "Assembly-CSharp", "Assembly-CSharp.csproj", "{1FD37FF0-7A31-4FEA-A256-21401D519076}"
EndProject
Project("{FAE04EC0-301F-11D3-BF4B-00C04F79EFBC}") = "UnityEditor.UI", "UnityEditor.UI.csproj", "{74686A3E-576B-DC98-28FA-074ACD24EE76}"
EndProject
Global
	GlobalSection(SolutionConfigurationPlatforms) = preSolution
		Debug|Any CPU = Debug|Any CPU
		Release|Any CPU = Release|Any CPU
	EndGlobalSection
	GlobalSection(ProjectConfigurationPlatforms) = postSolution
		{0E185C68-B619-DC56-296F-E7F8EBEFEFDD}.Debug|Any CPU.ActiveCfg = Debug|Any CPU
		{0E185C68-B619-DC56-296F-E7F8EBEFEFDD}.Debug|Any CPU.Build.0 = Debug|Any CPU
		{0E185C68-B619-DC56-296F-E7F8EBEFEFDD}.Release|Any CPU.ActiveCfg = Release|Any CPU
		{0E185C68-B619-DC56-296F-E7F8EBEFEFDD}.Release|Any CPU.Build.0 = Release|Any CPU
		{1FD37FF0-7A31-4FEA-A256-21401D519076}.Debug|Any CPU.ActiveCfg = Debug|Any CPU
		{1FD37FF0-7A31-4FEA-A256-21401D519076}.Debug|Any CPU.Build.0 = Debug|Any CPU
		{1FD37FF0-7A31-4FEA-A256-21401D519076}.Release|Any CPU.ActiveCfg = Release|Any CPU
		{1FD37FF0-7A31-4FEA-A256-21401D519076}.Release|Any CPU.Build.0 = Release|Any CPU
		{74686A3E-576B-DC98-28FA-074ACD24EE76}.Debug|Any CPU.ActiveCfg = Debug|Any CPU
		{74686A3E-576B-DC98-28FA-074ACD24EE76}.Debug|Any CPU.Build.0 = Debug|Any CPU
		{74686A3E-576B-DC98-28FA-074ACD24EE76}.Release|Any CPU.ActiveCfg = Release|Any CPU
		{74686A3E-576B-DC98-28FA-074ACD24EE76}.Release|Any CPU.Build.0 = Release|Any CPU
	EndGlobalSection
	GlobalSection(SolutionProperties) = preSolution
		HideSolutionNode = FALSE
	EndGlobalSection
EndGlobal
